
Microsoft Visual Studio Solution File, Format Version 12.00
# Visual Studio Version 17
VisualStudioVersion = 17.0.32112.339
MinimumVisualStudioVersion = 10.0.40219.1
Project("{FAE04EC0-301F-11D3-BF4B-00C04F79EFBC}") = "NumberMagick", "NumberMagick\NumberMagick.csproj", "{C7BA1516-308B-479E-9B07-4ECC009107F1}"
EndProject
Project("{FAE04EC0-301F-11D3-BF4B-00C04F79EFBC}") = "TranslateTest", "TranslateTest\TranslateTest.csproj", "{DC65857E-D98E-456B-A263-3CA9F9F50BA4}"
EndProject
Global
	GlobalSection(SolutionConfigurationPlatforms) = preSolution
		Debug|Any CPU = Debug|Any CPU
		Release|Any CPU = Release|Any CPU
	EndGlobalSection
	GlobalSection(ProjectConfigurationPlatforms) = postSolution
		{C7BA1516-308B-479E-9B07-4ECC009107F1}.Debug|Any CPU.ActiveCfg = Debug|Any CPU
		{C7BA1516-308B-479E-9B07-4ECC009107F1}.Debug|Any CPU.Build.0 = Debug|Any CPU
		{C7BA1516-308B-479E-9B07-4ECC009107F1}.Release|Any CPU.ActiveCfg = Release|Any CPU
		{C7BA1516-308B-479E-9B07-4ECC009107F1}.Release|Any CPU.Build.0 = Release|Any CPU
		{DC65857E-D98E-456B-A263-3CA9F9F50BA4}.Debug|Any CPU.ActiveCfg = Debug|Any CPU
		{DC65857E-D98E-456B-A263-3CA9F9F50BA4}.Debug|Any CPU.Build.0 = Debug|Any CPU
		{DC65857E-D98E-456B-A263-3CA9F9F50BA4}.Release|Any CPU.ActiveCfg = Release|Any CPU
		{DC65857E-D98E-456B-A263-3CA9F9F50BA4}.Release|Any CPU.Build.0 = Release|Any CPU
	EndGlobalSection
	GlobalSection(SolutionProperties) = preSolution
		HideSolutionNode = FALSE
	EndGlobalSection
	GlobalSection(ExtensibilityGlobals) = postSolution
		SolutionGuid = {7AA59C09-EF55-4B7F-BE85-85FA0832FE9C}
	EndGlobalSection
EndGlobal
